
Microsoft Visual Studio Solution File, Format Version 12.00
# Visual Studio 15
VisualStudioVersion = 15.0.27703.2042
MinimumVisualStudioVersion = 10.0.40219.1
Project("{FAE04EC0-301F-11D3-BF4B-00C04F79EFBC}") = "NameSorter", "NameSorter\NameSorter.csproj", "{DFA30F8B-7A23-4D18-9863-B7BAFA24FE67}"
EndProject
Project("{FAE04EC0-301F-11D3-BF4B-00C04F79EFBC}") = "NameSorterTest", "NameSorterTest\NameSorterTest.csproj", "{7A7AC0E3-D7C0-4243-B7D9-639C8522CB76}"
EndProject
Global
	GlobalSection(SolutionConfigurationPlatforms) = preSolution
		Debug|Any CPU = Debug|Any CPU
		Release|Any CPU = Release|Any CPU
	EndGlobalSection
	GlobalSection(ProjectConfigurationPlatforms) = postSolution
		{DFA30F8B-7A23-4D18-9863-B7BAFA24FE67}.Debug|Any CPU.ActiveCfg = Debug|Any CPU
		{DFA30F8B-7A23-4D18-9863-B7BAFA24FE67}.Debug|Any CPU.Build.0 = Debug|Any CPU
		{DFA30F8B-7A23-4D18-9863-B7BAFA24FE67}.Release|Any CPU.ActiveCfg = Release|Any CPU
		{DFA30F8B-7A23-4D18-9863-B7BAFA24FE67}.Release|Any CPU.Build.0 = Release|Any CPU
		{7A7AC0E3-D7C0-4243-B7D9-639C8522CB76}.Debug|Any CPU.ActiveCfg = Debug|Any CPU
		{7A7AC0E3-D7C0-4243-B7D9-639C8522CB76}.Debug|Any CPU.Build.0 = Debug|Any CPU
		{7A7AC0E3-D7C0-4243-B7D9-639C8522CB76}.Release|Any CPU.ActiveCfg = Release|Any CPU
		{7A7AC0E3-D7C0-4243-B7D9-639C8522CB76}.Release|Any CPU.Build.0 = Release|Any CPU
	EndGlobalSection
	GlobalSection(SolutionProperties) = preSolution
		HideSolutionNode = FALSE
	EndGlobalSection
	GlobalSection(ExtensibilityGlobals) = postSolution
		SolutionGuid = {6C15419A-C584-49A3-8E97-D1D0BA4DC32A}
	EndGlobalSection
EndGlobal
